
Microsoft Visual Studio Solution File, Format Version 12.00
# Visual Studio 15
Project("{FAE04EC0-301F-11D3-BF4B-00C04F79EFBC}") = "Assembly-CSharp", "Assembly-CSharp.csproj", "{491DDF1F-C1B3-BE98-CBB2-25472F3030B9}"
EndProject
Project("{FAE04EC0-301F-11D3-BF4B-00C04F79EFBC}") = "Assembly-CSharp-firstpass", "Assembly-CSharp-firstpass.csproj", "{93C353CC-307F-2DCF-80FA-2A0173202EB4}"
EndProject
Project("{FAE04EC0-301F-11D3-BF4B-00C04F79EFBC}") = "Assembly-CSharp-Editor-firstpass", "Assembly-CSharp-Editor-firstpass.csproj", "{8951850D-541E-4F8D-79F9-59BBA2A0C5D4}"
EndProject
Global
	GlobalSection(SolutionConfigurationPlatforms) = preSolution
		Debug|Any CPU = Debug|Any CPU
		Release|Any CPU = Release|Any CPU
	EndGlobalSection
	GlobalSection(ProjectConfigurationPlatforms) = postSolution
		{491DDF1F-C1B3-BE98-CBB2-25472F3030B9}.Debug|Any CPU.ActiveCfg = Debug|Any CPU
		{491DDF1F-C1B3-BE98-CBB2-25472F3030B9}.Debug|Any CPU.Build.0 = Debug|Any CPU
		{491DDF1F-C1B3-BE98-CBB2-25472F3030B9}.Release|Any CPU.ActiveCfg = Release|Any CPU
		{491DDF1F-C1B3-BE98-CBB2-25472F3030B9}.Release|Any CPU.Build.0 = Release|Any CPU
		{93C353CC-307F-2DCF-80FA-2A0173202EB4}.Debug|Any CPU.ActiveCfg = Debug|Any CPU
		{93C353CC-307F-2DCF-80FA-2A0173202EB4}.Debug|Any CPU.Build.0 = Debug|Any CPU
		{93C353CC-307F-2DCF-80FA-2A0173202EB4}.Release|Any CPU.ActiveCfg = Release|Any CPU
		{93C353CC-307F-2DCF-80FA-2A0173202EB4}.Release|Any CPU.Build.0 = Release|Any CPU
		{8951850D-541E-4F8D-79F9-59BBA2A0C5D4}.Debug|Any CPU.ActiveCfg = Debug|Any CPU
		{8951850D-541E-4F8D-79F9-59BBA2A0C5D4}.Debug|Any CPU.Build.0 = Debug|Any CPU
		{8951850D-541E-4F8D-79F9-59BBA2A0C5D4}.Release|Any CPU.ActiveCfg = Release|Any CPU
		{8951850D-541E-4F8D-79F9-59BBA2A0C5D4}.Release|Any CPU.Build.0 = Release|Any CPU
	EndGlobalSection
	GlobalSection(SolutionProperties) = preSolution
		HideSolutionNode = FALSE
	EndGlobalSection
EndGlobal
